
Microsoft Visual Studio Solution File, Format Version 12.00
# Visual Studio Version 17
VisualStudioVersion = 17.0.32112.339
MinimumVisualStudioVersion = 10.0.40219.1
Project("{9A19103F-16F7-4668-BE54-9A1E7A4F7556}") = "GPSer.API", "GPSer\GPSer.API.csproj", "{6DABE134-CE65-4BAA-84FB-3F6B02B5F69B}"
EndProject
Global
	GlobalSection(SolutionConfigurationPlatforms) = preSolution
		Debug|Any CPU = Debug|Any CPU
		Release|Any CPU = Release|Any CPU
	EndGlobalSection
	GlobalSection(ProjectConfigurationPlatforms) = postSolution
		{6DABE134-CE65-4BAA-84FB-3F6B02B5F69B}.Debug|Any CPU.ActiveCfg = Debug|Any CPU
		{6DABE134-CE65-4BAA-84FB-3F6B02B5F69B}.Debug|Any CPU.Build.0 = Debug|Any CPU
		{6DABE134-CE65-4BAA-84FB-3F6B02B5F69B}.Release|Any CPU.ActiveCfg = Release|Any CPU
		{6DABE134-CE65-4BAA-84FB-3F6B02B5F69B}.Release|Any CPU.Build.0 = Release|Any CPU
	EndGlobalSection
	GlobalSection(SolutionProperties) = preSolution
		HideSolutionNode = FALSE
	EndGlobalSection
	GlobalSection(ExtensibilityGlobals) = postSolution
		SolutionGuid = {6C8CDBFD-22E8-4851-8EAF-FB6D2E6DBDF2}
	EndGlobalSection
EndGlobal
